
Microsoft Visual Studio Solution File, Format Version 12.00
# Visual Studio Version 17
VisualStudioVersion = 17.14.36408.4 d17.14
MinimumVisualStudioVersion = 10.0.40219.1
Project("{FAE04EC0-301F-11D3-BF4B-00C04F79EFBC}") = "MunicipalServicesApp", "MunicipalServicesApp.csproj", "{08836DAC-B23F-418F-83FA-543C4967047D}"
EndProject
Global
	GlobalSection(SolutionConfigurationPlatforms) = preSolution
		Debug|Any CPU = Debug|Any CPU
		Release|Any CPU = Release|Any CPU
	EndGlobalSection
	GlobalSection(ProjectConfigurationPlatforms) = postSolution
		{08836DAC-B23F-418F-83FA-543C4967047D}.Debug|Any CPU.ActiveCfg = Debug|Any CPU
		{08836DAC-B23F-418F-83FA-543C4967047D}.Debug|Any CPU.Build.0 = Debug|Any CPU
		{08836DAC-B23F-418F-83FA-543C4967047D}.Release|Any CPU.ActiveCfg = Release|Any CPU
		{08836DAC-B23F-418F-83FA-543C4967047D}.Release|Any CPU.Build.0 = Release|Any CPU
	EndGlobalSection
	GlobalSection(SolutionProperties) = preSolution
		HideSolutionNode = FALSE
	EndGlobalSection
	GlobalSection(ExtensibilityGlobals) = postSolution
		SolutionGuid = {E2C4B584-F8D2-4201-ABA3-98D6DD1CA735}
	EndGlobalSection
EndGlobal
